
Microsoft Visual Studio Solution File, Format Version 12.00
# Visual Studio Version 17
VisualStudioVersion = 17.9.34728.123
MinimumVisualStudioVersion = 10.0.40219.1
Project("{FAE04EC0-301F-11D3-BF4B-00C04F79EFBC}") = "KashewCheese.Application", "KashewCheese.Application\KashewCheese.Application.csproj", "{74C80AB1-781E-4D51-87B0-772715422AE9}"
EndProject
Project("{FAE04EC0-301F-11D3-BF4B-00C04F79EFBC}") = "KashewCheese.Domain", "KashewCheese.Domain\KashewCheese.Domain.csproj", "{69ADCC55-5B92-4EFB-B607-C7AFC613568C}"
EndProject
Project("{FAE04EC0-301F-11D3-BF4B-00C04F79EFBC}") = "KashewCheese.Infrastructure", "KashewCheese.Infrastructure\KashewCheese.Infrastructure.csproj", "{467CF9DE-8331-4C8B-B7C7-C8BE5F89D14D}"
EndProject
Project("{FAE04EC0-301F-11D3-BF4B-00C04F79EFBC}") = "KashewCheese.Contracts", "KashewCheese.Presentation\KashewCheese.Contracts\KashewCheese.Contracts.csproj", "{7ECAA7D2-BB17-4721-8E66-798E817F026A}"
EndProject
Project("{FAE04EC0-301F-11D3-BF4B-00C04F79EFBC}") = "KashewCheese.API", "KashewCheese.Presentation\KashewCheese.API\KashewCheese.API.csproj", "{ED019CD1-AA3C-47DB-BC05-5110DECFFCC9}"
EndProject
Global
	GlobalSection(SolutionConfigurationPlatforms) = preSolution
		Debug|Any CPU = Debug|Any CPU
		Release|Any CPU = Release|Any CPU
	EndGlobalSection
	GlobalSection(ProjectConfigurationPlatforms) = postSolution
		{74C80AB1-781E-4D51-87B0-772715422AE9}.Debug|Any CPU.ActiveCfg = Debug|Any CPU
		{74C80AB1-781E-4D51-87B0-772715422AE9}.Debug|Any CPU.Build.0 = Debug|Any CPU
		{74C80AB1-781E-4D51-87B0-772715422AE9}.Release|Any CPU.ActiveCfg = Release|Any CPU
		{74C80AB1-781E-4D51-87B0-772715422AE9}.Release|Any CPU.Build.0 = Release|Any CPU
		{69ADCC55-5B92-4EFB-B607-C7AFC613568C}.Debug|Any CPU.ActiveCfg = Debug|Any CPU
		{69ADCC55-5B92-4EFB-B607-C7AFC613568C}.Debug|Any CPU.Build.0 = Debug|Any CPU
		{69ADCC55-5B92-4EFB-B607-C7AFC613568C}.Release|Any CPU.ActiveCfg = Release|Any CPU
		{69ADCC55-5B92-4EFB-B607-C7AFC613568C}.Release|Any CPU.Build.0 = Release|Any CPU
		{467CF9DE-8331-4C8B-B7C7-C8BE5F89D14D}.Debug|Any CPU.ActiveCfg = Debug|Any CPU
		{467CF9DE-8331-4C8B-B7C7-C8BE5F89D14D}.Debug|Any CPU.Build.0 = Debug|Any CPU
		{467CF9DE-8331-4C8B-B7C7-C8BE5F89D14D}.Release|Any CPU.ActiveCfg = Release|Any CPU
		{467CF9DE-8331-4C8B-B7C7-C8BE5F89D14D}.Release|Any CPU.Build.0 = Release|Any CPU
		{7ECAA7D2-BB17-4721-8E66-798E817F026A}.Debug|Any CPU.ActiveCfg = Debug|Any CPU
		{7ECAA7D2-BB17-4721-8E66-798E817F026A}.Debug|Any CPU.Build.0 = Debug|Any CPU
		{7ECAA7D2-BB17-4721-8E66-798E817F026A}.Release|Any CPU.ActiveCfg = Release|Any CPU
		{7ECAA7D2-BB17-4721-8E66-798E817F026A}.Release|Any CPU.Build.0 = Release|Any CPU
		{ED019CD1-AA3C-47DB-BC05-5110DECFFCC9}.Debug|Any CPU.ActiveCfg = Debug|Any CPU
		{ED019CD1-AA3C-47DB-BC05-5110DECFFCC9}.Debug|Any CPU.Build.0 = Debug|Any CPU
		{ED019CD1-AA3C-47DB-BC05-5110DECFFCC9}.Release|Any CPU.ActiveCfg = Release|Any CPU
		{ED019CD1-AA3C-47DB-BC05-5110DECFFCC9}.Release|Any CPU.Build.0 = Release|Any CPU
	EndGlobalSection
	GlobalSection(SolutionProperties) = preSolution
		HideSolutionNode = FALSE
	EndGlobalSection
	GlobalSection(ExtensibilityGlobals) = postSolution
		SolutionGuid = {CC1B8889-7147-4810-A89C-9D46F9F124F0}
	EndGlobalSection
EndGlobal
